
Microsoft Visual Studio Solution File, Format Version 12.00
# Visual Studio Version 18
VisualStudioVersion = 18.0.11201.2
MinimumVisualStudioVersion = 10.0.40219.1
Project("{FAE04EC0-301F-11D3-BF4B-00C04F79EFBC}") = "PhoneStoreUser", "PhoneStoreUser\PhoneStoreUser.csproj", "{D6084630-3026-4AEB-9727-B777A384E15E}"
EndProject
Project("{FAE04EC0-301F-11D3-BF4B-00C04F79EFBC}") = "PhoneStoreAdmin", "PhoneStoreAdmin\PhoneStoreAdmin.csproj", "{D41AA5F0-C3FC-4125-B958-5BB19D753BFD}"
EndProject
Project("{FAE04EC0-301F-11D3-BF4B-00C04F79EFBC}") = "PhoneStoreRepository", "PhoneStoreRepository\PhoneStoreRepository.csproj", "{5E9B50FE-711E-498E-8900-04EBACC8E7B8}"
EndProject
Project("{FAE04EC0-301F-11D3-BF4B-00C04F79EFBC}") = "PhoneStoreServices", "PhoneStoreServices\PhoneStoreServices.csproj", "{8C2CCF37-9CFD-49F0-B843-C7EF307FDEB8}"
EndProject
Global
	GlobalSection(SolutionConfigurationPlatforms) = preSolution
		Debug|Any CPU = Debug|Any CPU
		Debug|ARM64 = Debug|ARM64
		Debug|x64 = Debug|x64
		Release|Any CPU = Release|Any CPU
		Release|ARM64 = Release|ARM64
		Release|x64 = Release|x64
	EndGlobalSection
	GlobalSection(ProjectConfigurationPlatforms) = postSolution
		{D6084630-3026-4AEB-9727-B777A384E15E}.Debug|Any CPU.ActiveCfg = Debug|Any CPU
		{D6084630-3026-4AEB-9727-B777A384E15E}.Debug|Any CPU.Build.0 = Debug|Any CPU
		{D6084630-3026-4AEB-9727-B777A384E15E}.Debug|ARM64.ActiveCfg = Debug|ARM64
		{D6084630-3026-4AEB-9727-B777A384E15E}.Debug|ARM64.Build.0 = Debug|ARM64
		{D6084630-3026-4AEB-9727-B777A384E15E}.Debug|x64.ActiveCfg = Debug|x64
		{D6084630-3026-4AEB-9727-B777A384E15E}.Debug|x64.Build.0 = Debug|x64
		{D6084630-3026-4AEB-9727-B777A384E15E}.Release|Any CPU.ActiveCfg = Release|Any CPU
		{D6084630-3026-4AEB-9727-B777A384E15E}.Release|Any CPU.Build.0 = Release|Any CPU
		{D6084630-3026-4AEB-9727-B777A384E15E}.Release|ARM64.ActiveCfg = Release|ARM64
		{D6084630-3026-4AEB-9727-B777A384E15E}.Release|ARM64.Build.0 = Release|ARM64
		{D6084630-3026-4AEB-9727-B777A384E15E}.Release|x64.ActiveCfg = Release|x64
		{D6084630-3026-4AEB-9727-B777A384E15E}.Release|x64.Build.0 = Release|x64
		{D41AA5F0-C3FC-4125-B958-5BB19D753BFD}.Debug|Any CPU.ActiveCfg = Debug|x64
		{D41AA5F0-C3FC-4125-B958-5BB19D753BFD}.Debug|Any CPU.Build.0 = Debug|x64
		{D41AA5F0-C3FC-4125-B958-5BB19D753BFD}.Debug|Any CPU.Deploy.0 = Debug|x64
		{D41AA5F0-C3FC-4125-B958-5BB19D753BFD}.Debug|ARM64.ActiveCfg = Debug|ARM64
		{D41AA5F0-C3FC-4125-B958-5BB19D753BFD}.Debug|ARM64.Build.0 = Debug|ARM64
		{D41AA5F0-C3FC-4125-B958-5BB19D753BFD}.Debug|ARM64.Deploy.0 = Debug|ARM64
		{D41AA5F0-C3FC-4125-B958-5BB19D753BFD}.Debug|x64.ActiveCfg = Debug|x64
		{D41AA5F0-C3FC-4125-B958-5BB19D753BFD}.Debug|x64.Build.0 = Debug|x64
		{D41AA5F0-C3FC-4125-B958-5BB19D753BFD}.Debug|x64.Deploy.0 = Debug|x64
		{D41AA5F0-C3FC-4125-B958-5BB19D753BFD}.Release|Any CPU.ActiveCfg = Release|x64
		{D41AA5F0-C3FC-4125-B958-5BB19D753BFD}.Release|Any CPU.Build.0 = Release|x64
		{D41AA5F0-C3FC-4125-B958-5BB19D753BFD}.Release|Any CPU.Deploy.0 = Release|x64
		{D41AA5F0-C3FC-4125-B958-5BB19D753BFD}.Release|ARM64.ActiveCfg = Release|ARM64
		{D41AA5F0-C3FC-4125-B958-5BB19D753BFD}.Release|ARM64.Build.0 = Release|ARM64
		{D41AA5F0-C3FC-4125-B958-5BB19D753BFD}.Release|ARM64.Deploy.0 = Release|ARM64
		{D41AA5F0-C3FC-4125-B958-5BB19D753BFD}.Release|x64.ActiveCfg = Release|x64
		{D41AA5F0-C3FC-4125-B958-5BB19D753BFD}.Release|x64.Build.0 = Release|x64
		{D41AA5F0-C3FC-4125-B958-5BB19D753BFD}.Release|x64.Deploy.0 = Release|x64
		{5E9B50FE-711E-498E-8900-04EBACC8E7B8}.Debug|Any CPU.ActiveCfg = Debug|Any CPU
		{5E9B50FE-711E-498E-8900-04EBACC8E7B8}.Debug|Any CPU.Build.0 = Debug|Any CPU
		{5E9B50FE-711E-498E-8900-04EBACC8E7B8}.Debug|ARM64.ActiveCfg = Debug|Any CPU
		{5E9B50FE-711E-498E-8900-04EBACC8E7B8}.Debug|ARM64.Build.0 = Debug|Any CPU
		{5E9B50FE-711E-498E-8900-04EBACC8E7B8}.Debug|x64.ActiveCfg = Debug|Any CPU
                {5E9B50FE-711E-498E-8900-04EBACC8E7B8}.Debug|x64.Build.0 = Debug|Any CPU
                {5E9B50FE-711E-498E-8900-04EBACC8E7B8}.Release|Any CPU.ActiveCfg = Release|Any CPU
                {5E9B50FE-711E-498E-8900-04EBACC8E7B8}.Release|Any CPU.Build.0 = Release|Any CPU
                {5E9B50FE-711E-498E-8900-04EBACC8E7B8}.Release|ARM64.ActiveCfg = Release|Any CPU
                {5E9B50FE-711E-498E-8900-04EBACC8E7B8}.Release|ARM64.Build.0 = Release|Any CPU
                {5E9B50FE-711E-498E-8900-04EBACC8E7B8}.Release|x64.ActiveCfg = Release|Any CPU
                {5E9B50FE-711E-498E-8900-04EBACC8E7B8}.Release|x64.Build.0 = Release|Any CPU
                {8C2CCF37-9CFD-49F0-B843-C7EF307FDEB8}.Debug|Any CPU.ActiveCfg = Debug|Any CPU
                {8C2CCF37-9CFD-49F0-B843-C7EF307FDEB8}.Debug|Any CPU.Build.0 = Debug|Any CPU
                {8C2CCF37-9CFD-49F0-B843-C7EF307FDEB8}.Debug|ARM64.ActiveCfg = Debug|Any CPU
                {8C2CCF37-9CFD-49F0-B843-C7EF307FDEB8}.Debug|ARM64.Build.0 = Debug|Any CPU
                {8C2CCF37-9CFD-49F0-B843-C7EF307FDEB8}.Debug|x64.ActiveCfg = Debug|Any CPU
                {8C2CCF37-9CFD-49F0-B843-C7EF307FDEB8}.Debug|x64.Build.0 = Debug|Any CPU
                {8C2CCF37-9CFD-49F0-B843-C7EF307FDEB8}.Release|Any CPU.ActiveCfg = Release|Any CPU
                {8C2CCF37-9CFD-49F0-B843-C7EF307FDEB8}.Release|Any CPU.Build.0 = Release|Any CPU
                {8C2CCF37-9CFD-49F0-B843-C7EF307FDEB8}.Release|ARM64.ActiveCfg = Release|Any CPU
                {8C2CCF37-9CFD-49F0-B843-C7EF307FDEB8}.Release|ARM64.Build.0 = Release|Any CPU
                {8C2CCF37-9CFD-49F0-B843-C7EF307FDEB8}.Release|x64.ActiveCfg = Release|Any CPU
                {8C2CCF37-9CFD-49F0-B843-C7EF307FDEB8}.Release|x64.Build.0 = Release|Any CPU
        EndGlobalSection
	GlobalSection(SolutionProperties) = preSolution
		HideSolutionNode = FALSE
	EndGlobalSection
	GlobalSection(ExtensibilityGlobals) = postSolution
		SolutionGuid = {93AA430B-7937-4171-B09A-BA60D5FCD3C5}
	EndGlobalSection
EndGlobal
