Microsoft Visual Studio Solution File, Format Version 12.00
# Visual Studio Version 17
VisualStudioVersion = 17.5.2.0
MinimumVisualStudioVersion = 10.0.40219.1
Project("{FAE04EC0-301F-11D3-BF4B-00C04F79EFBC}") = "PhoneStoreUser", "PhoneStoreUser.csproj", "{D37264DC-0399-2F0C-6710-A6A9E9675E75}"
EndProject
Global
	GlobalSection(SolutionConfigurationPlatforms) = preSolution
		Debug|Any CPU = Debug|Any CPU
		Release|Any CPU = Release|Any CPU
	EndGlobalSection
	GlobalSection(ProjectConfigurationPlatforms) = postSolution
		{D37264DC-0399-2F0C-6710-A6A9E9675E75}.Debug|Any CPU.ActiveCfg = Debug|Any CPU
		{D37264DC-0399-2F0C-6710-A6A9E9675E75}.Debug|Any CPU.Build.0 = Debug|Any CPU
		{D37264DC-0399-2F0C-6710-A6A9E9675E75}.Release|Any CPU.ActiveCfg = Release|Any CPU
		{D37264DC-0399-2F0C-6710-A6A9E9675E75}.Release|Any CPU.Build.0 = Release|Any CPU
	EndGlobalSection
	GlobalSection(SolutionProperties) = preSolution
		HideSolutionNode = FALSE
	EndGlobalSection
	GlobalSection(ExtensibilityGlobals) = postSolution
		SolutionGuid = {B41E455E-05BE-4F09-96F3-3740E2751BCE}
	EndGlobalSection
EndGlobal
